
Microsoft Visual Studio Solution File, Format Version 12.00
# Visual Studio 16
Project("{FAE04EC0-301F-11D3-BF4B-00C04F79EFBC}") = "Assembly-CSharp", "Assembly-CSharp.csproj", "{F9EF2704-F3FB-BEB5-1FE4-31A0A1B60322}"
EndProject
Project("{FAE04EC0-301F-11D3-BF4B-00C04F79EFBC}") = "Assembly-CSharp-firstpass", "Assembly-CSharp-firstpass.csproj", "{A7E85CDE-E5AB-1ACC-825D-F383CD35B848}"
EndProject
Project("{FAE04EC0-301F-11D3-BF4B-00C04F79EFBC}") = "Assembly-CSharp-Editor-firstpass", "Assembly-CSharp-Editor-firstpass.csproj", "{4C4F3E34-AE4D-434B-720E-A093C5410CFD}"
EndProject
Global
	GlobalSection(SolutionConfigurationPlatforms) = preSolution
		Debug|Any CPU = Debug|Any CPU
		Release|Any CPU = Release|Any CPU
	EndGlobalSection
	GlobalSection(ProjectConfigurationPlatforms) = postSolution
		{F9EF2704-F3FB-BEB5-1FE4-31A0A1B60322}.Debug|Any CPU.ActiveCfg = Debug|Any CPU
		{F9EF2704-F3FB-BEB5-1FE4-31A0A1B60322}.Debug|Any CPU.Build.0 = Debug|Any CPU
		{F9EF2704-F3FB-BEB5-1FE4-31A0A1B60322}.Release|Any CPU.ActiveCfg = Release|Any CPU
		{F9EF2704-F3FB-BEB5-1FE4-31A0A1B60322}.Release|Any CPU.Build.0 = Release|Any CPU
		{A7E85CDE-E5AB-1ACC-825D-F383CD35B848}.Debug|Any CPU.ActiveCfg = Debug|Any CPU
		{A7E85CDE-E5AB-1ACC-825D-F383CD35B848}.Debug|Any CPU.Build.0 = Debug|Any CPU
		{A7E85CDE-E5AB-1ACC-825D-F383CD35B848}.Release|Any CPU.ActiveCfg = Release|Any CPU
		{A7E85CDE-E5AB-1ACC-825D-F383CD35B848}.Release|Any CPU.Build.0 = Release|Any CPU
		{4C4F3E34-AE4D-434B-720E-A093C5410CFD}.Debug|Any CPU.ActiveCfg = Debug|Any CPU
		{4C4F3E34-AE4D-434B-720E-A093C5410CFD}.Debug|Any CPU.Build.0 = Debug|Any CPU
		{4C4F3E34-AE4D-434B-720E-A093C5410CFD}.Release|Any CPU.ActiveCfg = Release|Any CPU
		{4C4F3E34-AE4D-434B-720E-A093C5410CFD}.Release|Any CPU.Build.0 = Release|Any CPU
	EndGlobalSection
	GlobalSection(SolutionProperties) = preSolution
		HideSolutionNode = FALSE
	EndGlobalSection
	GlobalSection(MonoDevelopProperties) = preSolution
		StartupItem = Assembly-CSharp.csproj
	EndGlobalSection
EndGlobal
